
Microsoft Visual Studio Solution File, Format Version 12.00
# Visual Studio Version 17
VisualStudioVersion = 17.6.33723.286
MinimumVisualStudioVersion = 10.0.40219.1
Project("{FAE04EC0-301F-11D3-BF4B-00C04F79EFBC}") = "BusinessCard", "BusinessCard\BusinessCard.csproj", "{EFDD889E-D80A-4047-BD1A-7BF314B183A1}"
EndProject
Global
	GlobalSection(SolutionConfigurationPlatforms) = preSolution
		Debug|Any CPU = Debug|Any CPU
		Release|Any CPU = Release|Any CPU
	EndGlobalSection
	GlobalSection(ProjectConfigurationPlatforms) = postSolution
		{EFDD889E-D80A-4047-BD1A-7BF314B183A1}.Debug|Any CPU.ActiveCfg = Debug|Any CPU
		{EFDD889E-D80A-4047-BD1A-7BF314B183A1}.Debug|Any CPU.Build.0 = Debug|Any CPU
		{EFDD889E-D80A-4047-BD1A-7BF314B183A1}.Release|Any CPU.ActiveCfg = Release|Any CPU
		{EFDD889E-D80A-4047-BD1A-7BF314B183A1}.Release|Any CPU.Build.0 = Release|Any CPU
	EndGlobalSection
	GlobalSection(SolutionProperties) = preSolution
		HideSolutionNode = FALSE
	EndGlobalSection
	GlobalSection(ExtensibilityGlobals) = postSolution
		SolutionGuid = {B651B473-313A-4E61-BD83-6BEFBF1CDF5C}
	EndGlobalSection
EndGlobal
